
Microsoft Visual Studio Solution File, Format Version 12.00
# Visual Studio Version 17
VisualStudioVersion = 17.2.32519.379
MinimumVisualStudioVersion = 10.0.40219.1
Project("{FAE04EC0-301F-11D3-BF4B-00C04F79EFBC}") = "CacheAssociativityBenchmark", "CacheAssociativityBenchmark\CacheAssociativityBenchmark.csproj", "{53CECDFA-C9AF-4F50-883A-C6265209CCD3}"
EndProject
Global
	GlobalSection(SolutionConfigurationPlatforms) = preSolution
		Debug|Any CPU = Debug|Any CPU
		Release|Any CPU = Release|Any CPU
	EndGlobalSection
	GlobalSection(ProjectConfigurationPlatforms) = postSolution
		{53CECDFA-C9AF-4F50-883A-C6265209CCD3}.Debug|Any CPU.ActiveCfg = Debug|Any CPU
		{53CECDFA-C9AF-4F50-883A-C6265209CCD3}.Debug|Any CPU.Build.0 = Debug|Any CPU
		{53CECDFA-C9AF-4F50-883A-C6265209CCD3}.Release|Any CPU.ActiveCfg = Release|Any CPU
		{53CECDFA-C9AF-4F50-883A-C6265209CCD3}.Release|Any CPU.Build.0 = Release|Any CPU
	EndGlobalSection
	GlobalSection(SolutionProperties) = preSolution
		HideSolutionNode = FALSE
	EndGlobalSection
	GlobalSection(ExtensibilityGlobals) = postSolution
		SolutionGuid = {7C003C78-CF95-4464-ABCE-A54847B23D71}
	EndGlobalSection
EndGlobal
